{
  "name": "clean-architecture-frontend",
  "version": "0.0.0",
  "lockfileVersion": 3,
  "requires": true,
  "packages": {
    "": {
      "name": "clean-architecture-frontend",
      "version": "0.0.0",
      "dependencies": {
        "@angular/cdk": "^21.2.9",
        "@angular/common": "^21.2.0",
        "@angular/compiler": "^21.2.0",
        "@angular/core": "^21.2.0",
        "@angular/forms": "^21.2.11",
        "@angular/material": "^21.2.9",
        "@angular/platform-browser": "^21.2.0",
        "@angular/router": "^21.2.0",
        "rxjs": "~7.8.0",
        "tslib": "^2.3.0"
      },
      "devDependencies": {
        "@angular/build": "^21.2.9",
        "@angular/cli": "^21.2.9",
        "@angular/compiler-cli": "^21.2.0",
        "@eslint/js": "^10.0.1",
        "@types/jasmine": "~5.1.0",
        "angular-eslint": "21.4.0",
        "eslint": "^10.3.0",
        "jsdom": "^28.0.0",
        "prettier": "^3.8.4",
        "typescript": "~5.9.2",
        "typescript-eslint": "8.59.2",
        "vitest": "^4.0.8"
      }
    },
    "node_modules/@types/jasmine": {
      "version": "5.1.15",
      "resolved": "https://registry.npmjs.org/@types/jasmine/-/jasmine-5.1.15.tgz",
      "integrity": "sha512-B1N8dJmXbTT8uC0bm5x8rD2P5kxwCkKYwAGFxEpq+vYdWKdBASj5I0T8eFCQkQyTkIZSgEi8a5p0dPFfPz2s6A==",
      "dev": true,
      "license": "MIT"
    }
  }
}
